
Microsoft Visual Studio Solution File, Format Version 12.00
Project("{FAE04EC0-301F-11D3-BF4B-00C04F79EFBC}") = "Mission10-Fowler", "Mission10-Fowler\Mission10-Fowler.csproj", "{FC5D4D67-4426-4B53-AC2C-3F6A64FD1C08}"
EndProject
Global
	GlobalSection(SolutionConfigurationPlatforms) = preSolution
		Debug|Any CPU = Debug|Any CPU
		Release|Any CPU = Release|Any CPU
	EndGlobalSection
	GlobalSection(ProjectConfigurationPlatforms) = postSolution
		{FC5D4D67-4426-4B53-AC2C-3F6A64FD1C08}.Debug|Any CPU.ActiveCfg = Debug|Any CPU
		{FC5D4D67-4426-4B53-AC2C-3F6A64FD1C08}.Debug|Any CPU.Build.0 = Debug|Any CPU
		{FC5D4D67-4426-4B53-AC2C-3F6A64FD1C08}.Release|Any CPU.ActiveCfg = Release|Any CPU
		{FC5D4D67-4426-4B53-AC2C-3F6A64FD1C08}.Release|Any CPU.Build.0 = Release|Any CPU
	EndGlobalSection
EndGlobal
